// !$*UTF8*$!
{
	archiveVersion = 1;
	classes = {
	};
	objectVersion = 56;
	objects = {

/* Begin PBXBuildFile section */
		17918F552C5DD8AF0092C0F3 /* AppDelegate.swift in Sources */ = {isa = PBXBuildFile; fileRef = 17918F542C5DD8AF0092C0F3 /* AppDelegate.swift */; };
		17918F572C5DD8AF0092C0F3 /* SceneDelegate.swift in Sources */ = {isa = PBXBuildFile; fileRef = 17918F562C5DD8AF0092C0F3 /* SceneDelegate.swift */; };
		17918F592C5DD8AF0092C0F3 /* ViewController.swift in Sources */ = {isa = PBXBuildFile; fileRef = 17918F582C5DD8AF0092C0F3 /* ViewController.swift */; };
		17918F5C2C5DD8AF0092C0F3 /* Base in Resources */ = {isa = PBXBuildFile; fileRef = 17918F5B2C5DD8AF0092C0F3 /* Base */; };
		17918F5E2C5DD8B00092C0F3 /* Assets.xcassets in Resources */ = {isa = PBXBuildFile; fileRef = 17918F5D2C5DD8B00092C0F3 /* Assets.xcassets */; };
		17918F612C5DD8B00092C0F3 /* Base in Resources */ = {isa = PBXBuildFile; fileRef = 17918F602C5DD8B00092C0F3 /* Base */; };
		17918F702C5DDA2F0092C0F3 /* opencv2.framework in Frameworks */ = {isa = PBXBuildFile; fileRef = 17918F6F2C5DDA2F0092C0F3 /* opencv2.framework */; };
		17918F742C5DDB220092C0F3 /* OpenCVWrapper.mm in Sources */ = {isa = PBXBuildFile; fileRef = 17918F732C5DDB220092C0F3 /* OpenCVWrapper.mm */; };
/* End PBXBuildFile section */

/* Begin PBXCopyFilesBuildPhase section */
		17918F6E2C5DD9C20092C0F3 /* Embed Frameworks */ = {
			isa = PBXCopyFilesBuildPhase;
			buildActionMask = 2147483647;
			dstPath = "";
			dstSubfolderSpec = 10;
			files = (
			);
			name = "Embed Frameworks";
			runOnlyForDeploymentPostprocessing = 0;
		};
/* End PBXCopyFilesBuildPhase section */

/* Begin PBXFileReference section */
		17918F512C5DD8AF0092C0F3 /* hello-opencv.app */ = {isa = PBXFileReference; explicitFileType = wrapper.application; includeInIndex = 0; path = "hello-opencv.app"; sourceTree = BUILT_PRODUCTS_DIR; };
		17918F542C5DD8AF0092C0F3 /* AppDelegate.swift */ = {isa = PBXFileReference; lastKnownFileType = sourcecode.swift; path = AppDelegate.swift; sourceTree = "<group>"; };
		17918F562C5DD8AF0092C0F3 /* SceneDelegate.swift */ = {isa = PBXFileReference; lastKnownFileType = sourcecode.swift; path = SceneDelegate.swift; sourceTree = "<group>"; };
		17918F582C5DD8AF0092C0F3 /* ViewController.swift */ = {isa = PBXFileReference; lastKnownFileType = sourcecode.swift; path = ViewController.swift; sourceTree = "<group>"; };
		17918F5B2C5DD8AF0092C0F3 /* Base */ = {isa = PBXFileReference; lastKnownFileType = file.storyboard; name = Base; path = Base.lproj/Main.storyboard; sourceTree = "<group>"; };
		17918F5D2C5DD8B00092C0F3 /* Assets.xcassets */ = {isa = PBXFileReference; lastKnownFileType = folder.assetcatalog; path = Assets.xcassets; sourceTree = "<group>"; };
		17918F602C5DD8B00092C0F3 /* Base */ = {isa = PBXFileReference; lastKnownFileType = file.storyboard; name = Base; path = Base.lproj/LaunchScreen.storyboard; sourceTree = "<group>"; };
		17918F622C5DD8B00092C0F3 /* Info.plist */ = {isa = PBXFileReference; lastKnownFileType = text.plist.xml; path = Info.plist; sourceTree = "<group>"; };
		17918F6F2C5DDA2F0092C0F3 /* opencv2.framework */ = {isa = PBXFileReference; lastKnownFileType = wrapper.framework; path = opencv2.framework; sourceTree = "<group>"; };
		17918F712C5DDB210092C0F3 /* hello-opencv-Bridging-Header.h */ = {isa = PBXFileReference; lastKnownFileType = sourcecode.c.h; path = "hello-opencv-Bridging-Header.h"; sourceTree = "<group>"; };
		17918F722C5DDB220092C0F3 /* OpenCVWrapper.h */ = {isa = PBXFileReference; lastKnownFileType = sourcecode.c.h; path = OpenCVWrapper.h; sourceTree = "<group>"; };
		17918F732C5DDB220092C0F3 /* OpenCVWrapper.mm */ = {isa = PBXFileReference; lastKnownFileType = sourcecode.cpp.objcpp; path = OpenCVWrapper.mm; sourceTree = "<group>"; };
		17918F762C5DDBCA0092C0F3 /* PrefixHeader.pch */ = {isa = PBXFileReference; lastKnownFileType = sourcecode.c.h; path = PrefixHeader.pch; sourceTree = "<group>"; };
/* End PBXFileReference section */

/* Begin PBXFrameworksBuildPhase section */
		17918F4E2C5DD8AF0092C0F3 /* Frameworks */ = {
			isa = PBXFrameworksBuildPhase;
			buildActionMask = 2147483647;
			files = (
				17918F702C5DDA2F0092C0F3 /* opencv2.framework in Frameworks */,
			);
			runOnlyForDeploymentPostprocessing = 0;
		};
/* End PBXFrameworksBuildPhase section */

/* Begin PBXGroup section */
		17918F482C5DD8AF0092C0F3 = {
			isa = PBXGroup;
			children = (
				17918F762C5DDBCA0092C0F3 /* PrefixHeader.pch */,
				17918F682C5DD8CF0092C0F3 /* Frameworks */,
				17918F532C5DD8AF0092C0F3 /* hello-opencv */,
				17918F522C5DD8AF0092C0F3 /* Products */,
			);
			sourceTree = "<group>";
		};
		17918F522C5DD8AF0092C0F3 /* Products */ = {
			isa = PBXGroup;
			children = (
				17918F512C5DD8AF0092C0F3 /* hello-opencv.app */,
			);
			name = Products;
			sourceTree = "<group>";
		};
		17918F532C5DD8AF0092C0F3 /* hello-opencv */ = {
			isa = PBXGroup;
			children = (
				17918F722C5DDB220092C0F3 /* OpenCVWrapper.h */,
				17918F732C5DDB220092C0F3 /* OpenCVWrapper.mm */,
				17918F712C5DDB210092C0F3 /* hello-opencv-Bridging-Header.h */,
				17918F542C5DD8AF0092C0F3 /* AppDelegate.swift */,
				17918F562C5DD8AF0092C0F3 /* SceneDelegate.swift */,
				17918F582C5DD8AF0092C0F3 /* ViewController.swift */,
				17918F5A2C5DD8AF0092C0F3 /* Main.storyboard */,
				17918F5D2C5DD8B00092C0F3 /* Assets.xcassets */,
				17918F5F2C5DD8B00092C0F3 /* LaunchScreen.storyboard */,
				17918F622C5DD8B00092C0F3 /* Info.plist */,
			);
			path = "hello-opencv";
			sourceTree = "<group>";
		};
		17918F682C5DD8CF0092C0F3 /* Frameworks */ = {
			isa = PBXGroup;
			children = (
				17918F6F2C5DDA2F0092C0F3 /* opencv2.framework */,
			);
			path = Frameworks;
			sourceTree = "<group>";
		};
/* End PBXGroup section */

/* Begin PBXNativeTarget section */
		17918F502C5DD8AF0092C0F3 /* hello-opencv */ = {
			isa = PBXNativeTarget;
			buildConfigurationList = 17918F652C5DD8B00092C0F3 /* Build configuration list for PBXNativeTarget "hello-opencv" */;
			buildPhases = (
				17918F4D2C5DD8AF0092C0F3 /* Sources */,
				17918F4E2C5DD8AF0092C0F3 /* Frameworks */,
				17918F4F2C5DD8AF0092C0F3 /* Resources */,
				17918F6E2C5DD9C20092C0F3 /* Embed Frameworks */,
			);
			buildRules = (
			);
			dependencies = (
			);
			name = "hello-opencv";
			productName = "hello-opencv";
			productReference = 17918F512C5DD8AF0092C0F3 /* hello-opencv.app */;
			productType = "com.apple.product-type.application";
		};
/* End PBXNativeTarget section */

/* Begin PBXProject section */
		17918F492C5DD8AF0092C0F3 /* Project object */ = {
			isa = PBXProject;
			attributes = {
				BuildIndependentTargetsInParallel = 1;
				LastSwiftUpdateCheck = 1540;
				LastUpgradeCheck = 1540;
				TargetAttributes = {
					17918F502C5DD8AF0092C0F3 = {
						CreatedOnToolsVersion = 15.4;
						LastSwiftMigration = 1540;
					};
				};
			};
			buildConfigurationList = 17918F4C2C5DD8AF0092C0F3 /* Build configuration list for PBXProject "hello-opencv" */;
			compatibilityVersion = "Xcode 14.0";
			developmentRegion = en;
			hasScannedForEncodings = 0;
			knownRegions = (
				en,
				Base,
			);
			mainGroup = 17918F482C5DD8AF0092C0F3;
			productRefGroup = 17918F522C5DD8AF0092C0F3 /* Products */;
			projectDirPath = "";
			projectRoot = "";
			targets = (
				17918F502C5DD8AF0092C0F3 /* hello-opencv */,
			);
		};
/* End PBXProject section */

/* Begin PBXResourcesBuildPhase section */
		17918F4F2C5DD8AF0092C0F3 /* Resources */ = {
			isa = PBXResourcesBuildPhase;
			buildActionMask = 2147483647;
			files = (
				17918F5E2C5DD8B00092C0F3 /* Assets.xcassets in Resources */,
				17918F612C5DD8B00092C0F3 /* Base in Resources */,
				17918F5C2C5DD8AF0092C0F3 /* Base in Resources */,
			);
			runOnlyForDeploymentPostprocessing = 0;
		};
/* End PBXResourcesBuildPhase section */

/* Begin PBXSourcesBuildPhase section */
		17918F4D2C5DD8AF0092C0F3 /* Sources */ = {
			isa = PBXSourcesBuildPhase;
			buildActionMask = 2147483647;
			files = (
				17918F592C5DD8AF0092C0F3 /* ViewController.swift in Sources */,
				17918F552C5DD8AF0092C0F3 /* AppDelegate.swift in Sources */,
				17918F742C5DDB220092C0F3 /* OpenCVWrapper.mm in Sources */,
				17918F572C5DD8AF0092C0F3 /* SceneDelegate.swift in Sources */,
			);
			runOnlyForDeploymentPostprocessing = 0;
		};
/* End PBXSourcesBuildPhase section */

/* Begin PBXVariantGroup section */
		17918F5A2C5DD8AF0092C0F3 /* Main.storyboard */ = {
			isa = PBXVariantGroup;
			children = (
				17918F5B2C5DD8AF0092C0F3 /* Base */,
			);
			name = Main.storyboard;
			sourceTree = "<group>";
		};
		17918F5F2C5DD8B00092C0F3 /* LaunchScreen.storyboard */ = {
			isa = PBXVariantGroup;
			children = (
				17918F602C5DD8B00092C0F3 /* Base */,
			);
			name = LaunchScreen.storyboard;
			sourceTree = "<group>";
		};
/* End PBXVariantGroup section */

/* Begin XCBuildConfiguration section */
		17918F632C5DD8B00092C0F3 /* Debug */ = {
			isa = XCBuildConfiguration;
			buildSettings = {
				ALWAYS_SEARCH_USER_PATHS = NO;
				ASSETCATALOG_COMPILER_GENERATE_SWIFT_ASSET_SYMBOL_EXTENSIONS = YES;
				CLANG_ANALYZER_NONNULL = YES;
				CLANG_ANALYZER_NUMBER_OBJECT_CONVERSION = YES_AGGRESSIVE;
				CLANG_CXX_LANGUAGE_STANDARD = "gnu++20";
				CLANG_ENABLE_MODULES = YES;
				CLANG_ENABLE_OBJC_ARC = YES;
				CLANG_ENABLE_OBJC_WEAK = YES;
				CLANG_WARN_BLOCK_CAPTURE_AUTORELEASING = YES;
				CLANG_WARN_BOOL_CONVERSION = YES;
				CLANG_WARN_COMMA = YES;
				CLANG_WARN_CONSTANT_CONVERSION = YES;
				CLANG_WARN_DEPRECATED_OBJC_IMPLEMENTATIONS = YES;
				CLANG_WARN_DIRECT_OBJC_ISA_USAGE = YES_ERROR;
				CLANG_WARN_DOCUMENTATION_COMMENTS = YES;
				CLANG_WARN_EMPTY_BODY = YES;
				CLANG_WARN_ENUM_CONVERSION = YES;
				CLANG_WARN_INFINITE_RECURSION = YES;
				CLANG_WARN_INT_CONVERSION = YES;
				CLANG_WARN_NON_LITERAL_NULL_CONVERSION = YES;
				CLANG_WARN_OBJC_IMPLICIT_RETAIN_SELF = YES;
				CLANG_WARN_OBJC_LITERAL_CONVERSION = YES;
				CLANG_WARN_OBJC_ROOT_CLASS = YES_ERROR;
				CLANG_WARN_QUOTED_INCLUDE_IN_FRAMEWORK_HEADER = YES;
				CLANG_WARN_RANGE_LOOP_ANALYSIS = YES;
				CLANG_WARN_STRICT_PROTOTYPES = YES;
				CLANG_WARN_SUSPICIOUS_MOVE = YES;
				CLANG_WARN_UNGUARDED_AVAILABILITY = YES_AGGRESSIVE;
				CLANG_WARN_UNREACHABLE_CODE = YES;
				CLANG_WARN__DUPLICATE_METHOD_MATCH = YES;
				COPY_PHASE_STRIP = NO;
				DEBUG_INFORMATION_FORMAT = dwarf;
				ENABLE_STRICT_OBJC_MSGSEND = YES;
				ENABLE_TESTABILITY = YES;
				ENABLE_USER_SCRIPT_SANDBOXING = YES;
				GCC_C_LANGUAGE_STANDARD = gnu17;
				GCC_DYNAMIC_NO_PIC = NO;
				GCC_NO_COMMON_BLOCKS = YES;
				GCC_OPTIMIZATION_LEVEL = 0;
				GCC_PREPROCESSOR_DEFINITIONS = (
					"DEBUG=1",
					"$(inherited)",
				);
				GCC_WARN_64_TO_32_BIT_CONVERSION = YES;
				GCC_WARN_ABOUT_RETURN_TYPE = YES_ERROR;
				GCC_WARN_UNDECLARED_SELECTOR = YES;
				GCC_WARN_UNINITIALIZED_AUTOS = YES_AGGRESSIVE;
				GCC_WARN_UNUSED_FUNCTION = YES;
				GCC_WARN_UNUSED_VARIABLE = YES;
				IPHONEOS_DEPLOYMENT_TARGET = 17.5;
				LOCALIZATION_PREFERS_STRING_CATALOGS = YES;
				MTL_ENABLE_DEBUG_INFO = INCLUDE_SOURCE;
				MTL_FAST_MATH = YES;
				ONLY_ACTIVE_ARCH = YES;
				SDKROOT = iphoneos;
				SWIFT_ACTIVE_COMPILATION_CONDITIONS = "DEBUG $(inherited)";
				SWIFT_OPTIMIZATION_LEVEL = "-Onone";
			};
			name = Debug;
		};
		17918F642C5DD8B00092C0F3 /* Release */ = {
			isa = XCBuildConfiguration;
			buildSettings = {
				ALWAYS_SEARCH_USER_PATHS = NO;
				ASSETCATALOG_COMPILER_GENERATE_SWIFT_ASSET_SYMBOL_EXTENSIONS = YES;
				CLANG_ANALYZER_NONNULL = YES;
				CLANG_ANALYZER_NUMBER_OBJECT_CONVERSION = YES_AGGRESSIVE;
				CLANG_CXX_LANGUAGE_STANDARD = "gnu++20";
				CLANG_ENABLE_MODULES = YES;
				CLANG_ENABLE_OBJC_ARC = YES;
				CLANG_ENABLE_OBJC_WEAK = YES;
				CLANG_WARN_BLOCK_CAPTURE_AUTORELEASING = YES;
				CLANG_WARN_BOOL_CONVERSION = YES;
				CLANG_WARN_COMMA = YES;
				CLANG_WARN_CONSTANT_CONVERSION = YES;
				CLANG_WARN_DEPRECATED_OBJC_IMPLEMENTATIONS = YES;
				CLANG_WARN_DIRECT_OBJC_ISA_USAGE = YES_ERROR;
				CLANG_WARN_DOCUMENTATION_COMMENTS = YES;
				CLANG_WARN_EMPTY_BODY = YES;
				CLANG_WARN_ENUM_CONVERSION = YES;
				CLANG_WARN_INFINITE_RECURSION = YES;
				CLANG_WARN_INT_CONVERSION = YES;
				CLANG_WARN_NON_LITERAL_NULL_CONVERSION = YES;
				CLANG_WARN_OBJC_IMPLICIT_RETAIN_SELF = YES;
				CLANG_WARN_OBJC_LITERAL_CONVERSION = YES;
				CLANG_WARN_OBJC_ROOT_CLASS = YES_ERROR;
				CLANG_WARN_QUOTED_INCLUDE_IN_FRAMEWORK_HEADER = YES;
				CLANG_WARN_RANGE_LOOP_ANALYSIS = YES;
				CLANG_WARN_STRICT_PROTOTYPES = YES;
				CLANG_WARN_SUSPICIOUS_MOVE = YES;
				CLANG_WARN_UNGUARDED_AVAILABILITY = YES_AGGRESSIVE;
				CLANG_WARN_UNREACHABLE_CODE = YES;
				CLANG_WARN__DUPLICATE_METHOD_MATCH = YES;
				COPY_PHASE_STRIP = NO;
				DEBUG_INFORMATION_FORMAT = "dwarf-with-dsym";
				ENABLE_NS_ASSERTIONS = NO;
				ENABLE_STRICT_OBJC_MSGSEND = YES;
				ENABLE_USER_SCRIPT_SANDBOXING = YES;
				GCC_C_LANGUAGE_STANDARD = gnu17;
				GCC_NO_COMMON_BLOCKS = YES;
				GCC_WARN_64_TO_32_BIT_CONVERSION = YES;
				GCC_WARN_ABOUT_RETURN_TYPE = YES_ERROR;
				GCC_WARN_UNDECLARED_SELECTOR = YES;
				GCC_WARN_UNINITIALIZED_AUTOS = YES_AGGRESSIVE;
				GCC_WARN_UNUSED_FUNCTION = YES;
				GCC_WARN_UNUSED_VARIABLE = YES;
				IPHONEOS_DEPLOYMENT_TARGET = 17.5;
				LOCALIZATION_PREFERS_STRING_CATALOGS = YES;
				MTL_ENABLE_DEBUG_INFO = NO;
				MTL_FAST_MATH = YES;
				SDKROOT = iphoneos;
				SWIFT_COMPILATION_MODE = wholemodule;
				VALIDATE_PRODUCT = YES;
			};
			name = Release;
		};
		17918F662C5DD8B00092C0F3 /* Debug */ = {
			isa = XCBuildConfiguration;
			buildSettings = {
				ASSETCATALOG_COMPILER_APPICON_NAME = AppIcon;
				ASSETCATALOG_COMPILER_GLOBAL_ACCENT_COLOR_NAME = AccentColor;
				CLANG_ENABLE_MODULES = YES;
				CODE_SIGN_STYLE = Automatic;
				CURRENT_PROJECT_VERSION = 1;
				DEVELOPMENT_TEAM = TB576F3KJ6;
				FRAMEWORK_SEARCH_PATHS = (
					"$(inherited)",
					"$(PROJECT_DIR)/Frameworks",
				);
				GCC_PREFIX_HEADER = "$(SRCROOT)/PrefixHeader.pch";
				GENERATE_INFOPLIST_FILE = YES;
				INFOPLIST_FILE = "hello-opencv/Info.plist";
				INFOPLIST_KEY_NSPhotoLibraryAddUsageDescription = "photo library additions";
				INFOPLIST_KEY_NSPhotoLibraryUsageDescription = "photo library usage";
				INFOPLIST_KEY_UIApplicationSupportsIndirectInputEvents = YES;
				INFOPLIST_KEY_UILaunchStoryboardName = LaunchScreen;
				INFOPLIST_KEY_UIMainStoryboardFile = Main;
				INFOPLIST_KEY_UISupportedInterfaceOrientations = "UIInterfaceOrientationLandscapeLeft UIInterfaceOrientationLandscapeRight UIInterfaceOrientationPortrait UIInterfaceOrientationPortraitUpsideDown";
				IPHONEOS_DEPLOYMENT_TARGET = 14.0;
				LD_RUNPATH_SEARCH_PATHS = (
					"$(inherited)",
					"@executable_path/Frameworks",
				);
				MARKETING_VERSION = 1.0;
				PRODUCT_BUNDLE_IDENTIFIER = "com.hansoolabs.sample.hello-opencv";
				PRODUCT_NAME = "$(TARGET_NAME)";
				SWIFT_EMIT_LOC_STRINGS = YES;
				SWIFT_OBJC_BRIDGING_HEADER = "hello-opencv/hello-opencv-Bridging-Header.h";
				SWIFT_OPTIMIZATION_LEVEL = "-Onone";
				SWIFT_VERSION = 5.0;
				TARGETED_DEVICE_FAMILY = "1,2";
			};
			name = Debug;
		};
		17918F672C5DD8B00092C0F3 /* Release */ = {
			isa = XCBuildConfiguration;
			buildSettings = {
				ASSETCATALOG_COMPILER_APPICON_NAME = AppIcon;
				ASSETCATALOG_COMPILER_GLOBAL_ACCENT_COLOR_NAME = AccentColor;
				CLANG_ENABLE_MODULES = YES;
				CODE_SIGN_STYLE = Automatic;
				CURRENT_PROJECT_VERSION = 1;
				DEVELOPMENT_TEAM = TB576F3KJ6;
				FRAMEWORK_SEARCH_PATHS = (
					"$(inherited)",
					"$(PROJECT_DIR)/Frameworks",
				);
				GCC_PREFIX_HEADER = "$(SRCROOT)/PrefixHeader.pch";
				GENERATE_INFOPLIST_FILE = YES;
				INFOPLIST_FILE = "hello-opencv/Info.plist";
				INFOPLIST_KEY_NSPhotoLibraryAddUsageDescription = "photo library additions";
				INFOPLIST_KEY_NSPhotoLibraryUsageDescription = "photo library usage";
				INFOPLIST_KEY_UIApplicationSupportsIndirectInputEvents = YES;
				INFOPLIST_KEY_UILaunchStoryboardName = LaunchScreen;
				INFOPLIST_KEY_UIMainStoryboardFile = Main;
				INFOPLIST_KEY_UISupportedInterfaceOrientations = "UIInterfaceOrientationLandscapeLeft UIInterfaceOrientationLandscapeRight UIInterfaceOrientationPortrait UIInterfaceOrientationPortraitUpsideDown";
				IPHONEOS_DEPLOYMENT_TARGET = 14.0;
				LD_RUNPATH_SEARCH_PATHS = (
					"$(inherited)",
					"@executable_path/Frameworks",
				);
				MARKETING_VERSION = 1.0;
				PRODUCT_BUNDLE_IDENTIFIER = "com.hansoolabs.sample.hello-opencv";
				PRODUCT_NAME = "$(TARGET_NAME)";
				SWIFT_EMIT_LOC_STRINGS = YES;
				SWIFT_OBJC_BRIDGING_HEADER = "hello-opencv/hello-opencv-Bridging-Header.h";
				SWIFT_VERSION = 5.0;
				TARGETED_DEVICE_FAMILY = "1,2";
			};
			name = Release;
		};
/* End XCBuildConfiguration section */

/* Begin XCConfigurationList section */
		17918F4C2C5DD8AF0092C0F3 /* Build configuration list for PBXProject "hello-opencv" */ = {
			isa = XCConfigurationList;
			buildConfigurations = (
				17918F632C5DD8B00092C0F3 /* Debug */,
				17918F642C5DD8B00092C0F3 /* Release */,
			);
			defaultConfigurationIsVisible = 0;
			defaultConfigurationName = Release;
		};
		17918F652C5DD8B00092C0F3 /* Build configuration list for PBXNativeTarget "hello-opencv" */ = {
			isa = XCConfigurationList;
			buildConfigurations = (
				17918F662C5DD8B00092C0F3 /* Debug */,
				17918F672C5DD8B00092C0F3 /* Release */,
			);
			defaultConfigurationIsVisible = 0;
			defaultConfigurationName = Release;
		};
/* End XCConfigurationList section */
	};
	rootObject = 17918F492C5DD8AF0092C0F3 /* Project object */;
}
